
Microsoft Visual Studio Solution File, Format Version 12.00
# Visual Studio Version 16
VisualStudioVersion = 16.0.31829.152
MinimumVisualStudioVersion = 10.0.40219.1
Project("{FAE04EC0-301F-11D3-BF4B-00C04F79EFBC}") = "7.2 куб", "7.2 куб\7.2 куб.csproj", "{B0999766-1E82-4FA9-9358-BC9CEB52BB90}"
EndProject
Global
	GlobalSection(SolutionConfigurationPlatforms) = preSolution
		Debug|Any CPU = Debug|Any CPU
		Release|Any CPU = Release|Any CPU
	EndGlobalSection
	GlobalSection(ProjectConfigurationPlatforms) = postSolution
		{B0999766-1E82-4FA9-9358-BC9CEB52BB90}.Debug|Any CPU.ActiveCfg = Debug|Any CPU
		{B0999766-1E82-4FA9-9358-BC9CEB52BB90}.Debug|Any CPU.Build.0 = Debug|Any CPU
		{B0999766-1E82-4FA9-9358-BC9CEB52BB90}.Release|Any CPU.ActiveCfg = Release|Any CPU
		{B0999766-1E82-4FA9-9358-BC9CEB52BB90}.Release|Any CPU.Build.0 = Release|Any CPU
	EndGlobalSection
	GlobalSection(SolutionProperties) = preSolution
		HideSolutionNode = FALSE
	EndGlobalSection
	GlobalSection(ExtensibilityGlobals) = postSolution
		SolutionGuid = {3C15182C-20B8-424D-BD24-1115B1CC8D6D}
	EndGlobalSection
EndGlobal
